
Microsoft Visual Studio Solution File, Format Version 12.00
# Visual Studio Version 17
VisualStudioVersion = 17.0.31903.59
MinimumVisualStudioVersion = 10.0.40219.1
Project("{2150E333-8FDC-42A3-9474-1A3956D46DE8}") = "src", "src", "{827E0CD3-B72D-47B6-A68D-7590B98EB39B}"
EndProject
Project("{FAE04EC0-301F-11D3-BF4B-00C04F79EFBC}") = "LoanApi.Domain", "src\LoanApi.Domain\LoanApi.Domain.csproj", "{CB56967A-352F-438A-B281-5115E304EBB6}"
EndProject
Project("{FAE04EC0-301F-11D3-BF4B-00C04F79EFBC}") = "LoanApi.Application", "src\LoanApi.Application\LoanApi.Application.csproj", "{00E5E2B5-0CD1-4586-B95E-3E93E0AE960E}"
EndProject
Project("{FAE04EC0-301F-11D3-BF4B-00C04F79EFBC}") = "LoanApi.Infrastructure", "src\LoanApi.Infrastructure\LoanApi.Infrastructure.csproj", "{B4167D5C-4458-4B12-9905-F4DFD34DEF89}"
EndProject
Project("{FAE04EC0-301F-11D3-BF4B-00C04F79EFBC}") = "LoanApi.Api", "src\LoanApi.Api\LoanApi.Api.csproj", "{4282855D-99E5-4084-86E7-E70869FC2855}"
EndProject
Project("{2150E333-8FDC-42A3-9474-1A3956D46DE8}") = "tests", "tests", "{0AB3BF05-4346-4AA6-1389-037BE0695223}"
EndProject
Project("{FAE04EC0-301F-11D3-BF4B-00C04F79EFBC}") = "LoanApi.UnitTests", "tests\LoanApi.UnitTests\LoanApi.UnitTests.csproj", "{2DDEA391-B14B-4ED3-B746-7A54463B3544}"
EndProject
Project("{FAE04EC0-301F-11D3-BF4B-00C04F79EFBC}") = "LoanApi.IntegrationTests", "tests\LoanApi.IntegrationTests\LoanApi.IntegrationTests.csproj", "{148A4DE4-95F0-40D8-88FA-C2CB2A825D3B}"
EndProject
Global
	GlobalSection(SolutionConfigurationPlatforms) = preSolution
		Debug|Any CPU = Debug|Any CPU
		Debug|x64 = Debug|x64
		Debug|x86 = Debug|x86
		Release|Any CPU = Release|Any CPU
		Release|x64 = Release|x64
		Release|x86 = Release|x86
	EndGlobalSection
	GlobalSection(ProjectConfigurationPlatforms) = postSolution
		{CB56967A-352F-438A-B281-5115E304EBB6}.Debug|Any CPU.ActiveCfg = Debug|Any CPU
		{CB56967A-352F-438A-B281-5115E304EBB6}.Debug|Any CPU.Build.0 = Debug|Any CPU
		{CB56967A-352F-438A-B281-5115E304EBB6}.Debug|x64.ActiveCfg = Debug|Any CPU
		{CB56967A-352F-438A-B281-5115E304EBB6}.Debug|x64.Build.0 = Debug|Any CPU
		{CB56967A-352F-438A-B281-5115E304EBB6}.Debug|x86.ActiveCfg = Debug|Any CPU
		{CB56967A-352F-438A-B281-5115E304EBB6}.Debug|x86.Build.0 = Debug|Any CPU
		{CB56967A-352F-438A-B281-5115E304EBB6}.Release|Any CPU.ActiveCfg = Release|Any CPU
		{CB56967A-352F-438A-B281-5115E304EBB6}.Release|Any CPU.Build.0 = Release|Any CPU
		{CB56967A-352F-438A-B281-5115E304EBB6}.Release|x64.ActiveCfg = Release|Any CPU
		{CB56967A-352F-438A-B281-5115E304EBB6}.Release|x64.Build.0 = Release|Any CPU
		{CB56967A-352F-438A-B281-5115E304EBB6}.Release|x86.ActiveCfg = Release|Any CPU
		{CB56967A-352F-438A-B281-5115E304EBB6}.Release|x86.Build.0 = Release|Any CPU
		{00E5E2B5-0CD1-4586-B95E-3E93E0AE960E}.Debug|Any CPU.ActiveCfg = Debug|Any CPU
		{00E5E2B5-0CD1-4586-B95E-3E93E0AE960E}.Debug|Any CPU.Build.0 = Debug|Any CPU
		{00E5E2B5-0CD1-4586-B95E-3E93E0AE960E}.Debug|x64.ActiveCfg = Debug|Any CPU
		{00E5E2B5-0CD1-4586-B95E-3E93E0AE960E}.Debug|x64.Build.0 = Debug|Any CPU
		{00E5E2B5-0CD1-4586-B95E-3E93E0AE960E}.Debug|x86.ActiveCfg = Debug|Any CPU
		{00E5E2B5-0CD1-4586-B95E-3E93E0AE960E}.Debug|x86.Build.0 = Debug|Any CPU
		{00E5E2B5-0CD1-4586-B95E-3E93E0AE960E}.Release|Any CPU.ActiveCfg = Release|Any CPU
		{00E5E2B5-0CD1-4586-B95E-3E93E0AE960E}.Release|Any CPU.Build.0 = Release|Any CPU
		{00E5E2B5-0CD1-4586-B95E-3E93E0AE960E}.Release|x64.ActiveCfg = Release|Any CPU
		{00E5E2B5-0CD1-4586-B95E-3E93E0AE960E}.Release|x64.Build.0 = Release|Any CPU
		{00E5E2B5-0CD1-4586-B95E-3E93E0AE960E}.Release|x86.ActiveCfg = Release|Any CPU
		{00E5E2B5-0CD1-4586-B95E-3E93E0AE960E}.Release|x86.Build.0 = Release|Any CPU
		{B4167D5C-4458-4B12-9905-F4DFD34DEF89}.Debug|Any CPU.ActiveCfg = Debug|Any CPU
		{B4167D5C-4458-4B12-9905-F4DFD34DEF89}.Debug|Any CPU.Build.0 = Debug|Any CPU
		{B4167D5C-4458-4B12-9905-F4DFD34DEF89}.Debug|x64.ActiveCfg = Debug|Any CPU
		{B4167D5C-4458-4B12-9905-F4DFD34DEF89}.Debug|x64.Build.0 = Debug|Any CPU
		{B4167D5C-4458-4B12-9905-F4DFD34DEF89}.Debug|x86.ActiveCfg = Debug|Any CPU
		{B4167D5C-4458-4B12-9905-F4DFD34DEF89}.Debug|x86.Build.0 = Debug|Any CPU
		{B4167D5C-4458-4B12-9905-F4DFD34DEF89}.Release|Any CPU.ActiveCfg = Release|Any CPU
		{B4167D5C-4458-4B12-9905-F4DFD34DEF89}.Release|Any CPU.Build.0 = Release|Any CPU
		{B4167D5C-4458-4B12-9905-F4DFD34DEF89}.Release|x64.ActiveCfg = Release|Any CPU
		{B4167D5C-4458-4B12-9905-F4DFD34DEF89}.Release|x64.Build.0 = Release|Any CPU
		{B4167D5C-4458-4B12-9905-F4DFD34DEF89}.Release|x86.ActiveCfg = Release|Any CPU
		{B4167D5C-4458-4B12-9905-F4DFD34DEF89}.Release|x86.Build.0 = Release|Any CPU
		{4282855D-99E5-4084-86E7-E70869FC2855}.Debug|Any CPU.ActiveCfg = Debug|Any CPU
		{4282855D-99E5-4084-86E7-E70869FC2855}.Debug|Any CPU.Build.0 = Debug|Any CPU
		{4282855D-99E5-4084-86E7-E70869FC2855}.Debug|x64.ActiveCfg = Debug|Any CPU
		{4282855D-99E5-4084-86E7-E70869FC2855}.Debug|x64.Build.0 = Debug|Any CPU
		{4282855D-99E5-4084-86E7-E70869FC2855}.Debug|x86.ActiveCfg = Debug|Any CPU
		{4282855D-99E5-4084-86E7-E70869FC2855}.Debug|x86.Build.0 = Debug|Any CPU
		{4282855D-99E5-4084-86E7-E70869FC2855}.Release|Any CPU.ActiveCfg = Release|Any CPU
		{4282855D-99E5-4084-86E7-E70869FC2855}.Release|Any CPU.Build.0 = Release|Any CPU
		{4282855D-99E5-4084-86E7-E70869FC2855}.Release|x64.ActiveCfg = Release|Any CPU
		{4282855D-99E5-4084-86E7-E70869FC2855}.Release|x64.Build.0 = Release|Any CPU
		{4282855D-99E5-4084-86E7-E70869FC2855}.Release|x86.ActiveCfg = Release|Any CPU
		{4282855D-99E5-4084-86E7-E70869FC2855}.Release|x86.Build.0 = Release|Any CPU
		{2DDEA391-B14B-4ED3-B746-7A54463B3544}.Debug|Any CPU.ActiveCfg = Debug|Any CPU
		{2DDEA391-B14B-4ED3-B746-7A54463B3544}.Debug|Any CPU.Build.0 = Debug|Any CPU
		{2DDEA391-B14B-4ED3-B746-7A54463B3544}.Debug|x64.ActiveCfg = Debug|Any CPU
		{2DDEA391-B14B-4ED3-B746-7A54463B3544}.Debug|x64.Build.0 = Debug|Any CPU
		{2DDEA391-B14B-4ED3-B746-7A54463B3544}.Debug|x86.ActiveCfg = Debug|Any CPU
		{2DDEA391-B14B-4ED3-B746-7A54463B3544}.Debug|x86.Build.0 = Debug|Any CPU
		{2DDEA391-B14B-4ED3-B746-7A54463B3544}.Release|Any CPU.ActiveCfg = Release|Any CPU
		{2DDEA391-B14B-4ED3-B746-7A54463B3544}.Release|Any CPU.Build.0 = Release|Any CPU
		{2DDEA391-B14B-4ED3-B746-7A54463B3544}.Release|x64.ActiveCfg = Release|Any CPU
		{2DDEA391-B14B-4ED3-B746-7A54463B3544}.Release|x64.Build.0 = Release|Any CPU
		{2DDEA391-B14B-4ED3-B746-7A54463B3544}.Release|x86.ActiveCfg = Release|Any CPU
		{2DDEA391-B14B-4ED3-B746-7A54463B3544}.Release|x86.Build.0 = Release|Any CPU
		{148A4DE4-95F0-40D8-88FA-C2CB2A825D3B}.Debug|Any CPU.ActiveCfg = Debug|Any CPU
		{148A4DE4-95F0-40D8-88FA-C2CB2A825D3B}.Debug|Any CPU.Build.0 = Debug|Any CPU
		{148A4DE4-95F0-40D8-88FA-C2CB2A825D3B}.Debug|x64.ActiveCfg = Debug|Any CPU
		{148A4DE4-95F0-40D8-88FA-C2CB2A825D3B}.Debug|x64.Build.0 = Debug|Any CPU
		{148A4DE4-95F0-40D8-88FA-C2CB2A825D3B}.Debug|x86.ActiveCfg = Debug|Any CPU
		{148A4DE4-95F0-40D8-88FA-C2CB2A825D3B}.Debug|x86.Build.0 = Debug|Any CPU
		{148A4DE4-95F0-40D8-88FA-C2CB2A825D3B}.Release|Any CPU.ActiveCfg = Release|Any CPU
		{148A4DE4-95F0-40D8-88FA-C2CB2A825D3B}.Release|Any CPU.Build.0 = Release|Any CPU
		{148A4DE4-95F0-40D8-88FA-C2CB2A825D3B}.Release|x64.ActiveCfg = Release|Any CPU
		{148A4DE4-95F0-40D8-88FA-C2CB2A825D3B}.Release|x64.Build.0 = Release|Any CPU
		{148A4DE4-95F0-40D8-88FA-C2CB2A825D3B}.Release|x86.ActiveCfg = Release|Any CPU
		{148A4DE4-95F0-40D8-88FA-C2CB2A825D3B}.Release|x86.Build.0 = Release|Any CPU
	EndGlobalSection
	GlobalSection(SolutionProperties) = preSolution
		HideSolutionNode = FALSE
	EndGlobalSection
	GlobalSection(NestedProjects) = preSolution
		{CB56967A-352F-438A-B281-5115E304EBB6} = {827E0CD3-B72D-47B6-A68D-7590B98EB39B}
		{00E5E2B5-0CD1-4586-B95E-3E93E0AE960E} = {827E0CD3-B72D-47B6-A68D-7590B98EB39B}
		{B4167D5C-4458-4B12-9905-F4DFD34DEF89} = {827E0CD3-B72D-47B6-A68D-7590B98EB39B}
		{4282855D-99E5-4084-86E7-E70869FC2855} = {827E0CD3-B72D-47B6-A68D-7590B98EB39B}
		{2DDEA391-B14B-4ED3-B746-7A54463B3544} = {0AB3BF05-4346-4AA6-1389-037BE0695223}
		{148A4DE4-95F0-40D8-88FA-C2CB2A825D3B} = {0AB3BF05-4346-4AA6-1389-037BE0695223}
	EndGlobalSection
EndGlobal
